
Microsoft Visual Studio Solution File, Format Version 12.00
# Visual Studio Version 17
VisualStudioVersion = 17.13.35806.99
MinimumVisualStudioVersion = 10.0.40219.1
Project("{FAE04EC0-301F-11D3-BF4B-00C04F79EFBC}") = "TMS", "TMS\TMS.csproj", "{272D3976-34E8-4708-AFBF-F328EE4412FD}"
EndProject
Project("{2150E333-8FDC-42A3-9474-1A3956D46DE8}") = "Solution Items", "Solution Items", "{8EC462FD-D22E-90A8-E5CE-7E832BA40C5D}"
	ProjectSection(SolutionItems) = preProject
		..\..\..\Downloads\delivery_xEx_icon.ico = ..\..\..\Downloads\delivery_xEx_icon.ico
	EndProjectSection
EndProject
Global
	GlobalSection(SolutionConfigurationPlatforms) = preSolution
		Debug|Any CPU = Debug|Any CPU
		Release|Any CPU = Release|Any CPU
	EndGlobalSection
	GlobalSection(ProjectConfigurationPlatforms) = postSolution
		{272D3976-34E8-4708-AFBF-F328EE4412FD}.Debug|Any CPU.ActiveCfg = Debug|Any CPU
		{272D3976-34E8-4708-AFBF-F328EE4412FD}.Debug|Any CPU.Build.0 = Debug|Any CPU
		{272D3976-34E8-4708-AFBF-F328EE4412FD}.Release|Any CPU.ActiveCfg = Release|Any CPU
		{272D3976-34E8-4708-AFBF-F328EE4412FD}.Release|Any CPU.Build.0 = Release|Any CPU
	EndGlobalSection
	GlobalSection(SolutionProperties) = preSolution
		HideSolutionNode = FALSE
	EndGlobalSection
	GlobalSection(ExtensibilityGlobals) = postSolution
		SolutionGuid = {3CB35652-063E-470C-B7B5-814BE59C7A02}
	EndGlobalSection
EndGlobal
